
Microsoft Visual Studio Solution File, Format Version 12.00
# Visual Studio Version 16
VisualStudioVersion = 16.0.31019.35
MinimumVisualStudioVersion = 10.0.40219.1
Project("{FAE04EC0-301F-11D3-BF4B-00C04F79EFBC}") = "ShinningCrown", "ShinningCrown.csproj", "{ED60C4D7-D4A7-4295-813D-666B8756B66D}"
EndProject
Global
	GlobalSection(SolutionConfigurationPlatforms) = preSolution
		Debug|Any CPU = Debug|Any CPU
		Release|Any CPU = Release|Any CPU
	EndGlobalSection
	GlobalSection(ProjectConfigurationPlatforms) = postSolution
		{ED60C4D7-D4A7-4295-813D-666B8756B66D}.Debug|Any CPU.ActiveCfg = Debug|Any CPU
		{ED60C4D7-D4A7-4295-813D-666B8756B66D}.Debug|Any CPU.Build.0 = Debug|Any CPU
		{ED60C4D7-D4A7-4295-813D-666B8756B66D}.Release|Any CPU.ActiveCfg = Release|Any CPU
		{ED60C4D7-D4A7-4295-813D-666B8756B66D}.Release|Any CPU.Build.0 = Release|Any CPU
	EndGlobalSection
	GlobalSection(SolutionProperties) = preSolution
		HideSolutionNode = FALSE
	EndGlobalSection
	GlobalSection(ExtensibilityGlobals) = postSolution
		SolutionGuid = {D71CC5C4-217C-48BB-ABBB-0782609D919E}
	EndGlobalSection
EndGlobal
